{
  "version": 4,
  "terraform_version": "1.6.1",
  "serial": 45,
  "lineage": "1eb3e3e7-16b3-3171-3ee3-e014c4fef193",
  "outputs": {
    "key_data": {
      "value": "ssh-rsa AAAAB3NzaC1yc2EAAAADAQABAAABgQDNs6StogiCaEiU4LLoDg6we2O+5pkuPIJ9qZkHppitQyuOd+s16hSPMeciteF08g3JR35FF6Miz52mDw+TM5jVmN5DD7uiqF4DmPuXLPxVDzJKqh/EqPGQbGPE1iAG1NJUzY9vfgFtfUjiKj5RLFAzpKo1Dm4YylcTUBG5FbBrL3e0QxhbCfa+yVgmUEMuSDoTSyRSM1ilc4TeTDAnQcxYvPCsmNfB7NnvgrK33LpzUVnt8o+1Xf43E7WIgilT9VXTgQPNs3t1heb9gscOc33hvhxkG9XvvEXA652WOP0WNk2rVjuQiN3W9yEzklBLEQdXONThPghG9RygSkC9Lq3EwSat99Z8lU4MemGIOKyBilI1ecu/GF0Uvg/sd/BN7L7Buvz5FtoyPWWbARtQzsOUQJMoGgjgDaW0bsGmwZNLXwMO5iYtzp8du9kJo13IwIXOI92lMSPPqTda6hPRmGddEj3s4v1K7OdFPUOeB7sRSWkOKXBt1apTQ5sSNailooU= generated-by-azure",
      "type": "string"
    },
    "public_ip_address": {
      "value": "13.92.39.66",
      "type": "string"
    },
    "resource_group_name": {
      "value": "rg-certain-rhino",
      "type": "string"
    }
  },
  "resources": [
    {
      "mode": "managed",
      "type": "azapi_resource",
      "name": "ssh_public_key",
      "provider": "provider[\"registry.terraform.io/azure/azapi\"]",
      "instances": [
        {
          "schema_version": 0,
          "attributes": {
            "body": "{}",
            "id": "/subscriptions/f9de2fed-2da6-4678-b1cb-6cae47995374/resourceGroups/rg-certain-rhino/providers/Microsoft.Compute/sshPublicKeys/sshdecenthermit",
            "identity": [],
            "ignore_body_changes": null,
            "ignore_casing": false,
            "ignore_missing_property": true,
            "location": "eastus",
            "locks": null,
            "name": "sshdecenthermit",
            "output": "{}",
            "parent_id": "/subscriptions/f9de2fed-2da6-4678-b1cb-6cae47995374/resourceGroups/rg-certain-rhino",
            "removing_special_chars": false,
            "response_export_values": null,
            "schema_validation_enabled": true,
            "tags": {},
            "timeouts": null,
            "type": "Microsoft.Compute/sshPublicKeys@2022-11-01"
          },
          "sensitive_attributes": [],
          "private": "eyJlMmJmYjczMC1lY2FhLTExZTYtOGY4OC0zNDM2M2JjN2M0YzAiOnsiY3JlYXRlIjoxODAwMDAwMDAwMDAwLCJkZWxldGUiOjE4MDAwMDAwMDAwMDAsInJlYWQiOjMwMDAwMDAwMDAwMCwidXBkYXRlIjoxODAwMDAwMDAwMDAwfX0=",
          "dependencies": [
            "azurerm_resource_group.rg",
            "random_pet.rg_name",
            "random_pet.ssh_key_name"
          ]
        }
      ]
    },
    {
      "mode": "managed",
      "type": "azapi_resource_action",
      "name": "ssh_public_key_gen",
      "provider": "provider[\"registry.terraform.io/azure/azapi\"]",
      "instances": [
        {
          "schema_version": 0,
          "attributes": {
            "action": "generateKeyPair",
            "body": null,
            "id": "/subscriptions/f9de2fed-2da6-4678-b1cb-6cae47995374/resourceGroups/rg-certain-rhino/providers/Microsoft.Compute/sshPublicKeys/sshdecenthermit/generateKeyPair",
            "locks": null,
            "method": "POST",
            "output": "{\"privateKey\":\"-----BEGIN RSA PRIVATE KEY-----\\r\\nMIIG5AIBAAKCAYEAzbOkraIIgmhIlOCy6A4OsHtjvuaZLjyCfamZB6aYrUMrjnfr\\r\\nNeoUjzHnIrXhdPINyUd+RRejIs+dpg8PkzOY1ZjeQw+7oqheA5j7lyz8VQ8ySqof\\r\\nxKjxkGxjxNYgBtTSVM2Pb34BbX1I4io+USxQM6SqNQ5uGMpXE1ARuRWway93tEMY\\r\\nWwn2vslYJlBDLkg6E0skUjNYpXOE3kwwJ0HMWLzwrJjXwezZ74Kyt9y6c1FZ7fKP\\r\\ntV3+NxO1iIIpU/VV04EDzbN7dYXm/YLHDnN94b4cZBvV77xFwOudljj9FjZNq1Y7\\r\\nkIjd1vchM5JQSxEHVzjU4T4IRvUcoEpAvS6txMEmrffWfJVODHphiDisgYpSNXnL\\r\\nvxhdFL4P7HfwTey+wbr8+RbaMj1lmwEbUM7DlECTKBoI4A2ltG7BpsGTS18DDuYm\\r\\nLc6fHbvZCaNdyMCFziPdpTEjz6k3WuoT0ZhnXRI97OL9SuznRT1Dnge7EUlpDilw\\r\\nbdWqU0ObEjWopaKFAgMBAAECggGAa9/W79v2vHT2A2VnTXz5xSGgaJ/EG1ROVppX\\r\\nj4SVst9z+y32YvrUN1hDT5e0mcDK7BCbLp67xei9UzW4xEid0P5vKRoaG65SR262\\r\\nGkzUM8NZa4CWUmsK6+N72uE0QIDhoOmAXEbndsTqMPlYXvdvQ/YJ8PMVV9jdG1q1\\r\\nQKwYLc3h59376tpp1RoAKW+UG7RzCGUysg0NYw8W0gGAi0XdZXgIe2tYUvHkRM/0\\r\\n66lM+mbiU4AOT13wkG+8ls8z3zzcCLkdHeXAs0nZ4+OxsnetXNZpL3pB6cfy1XtE\\r\\n+K5PbXDt9dfsDtU4vVw+8eJAJtSZ/LgQH2/miK4DiIvDN13mkn5ldP7PK//c6jih\\r\\n5yrOnbd0/rSQaa3uHdDjApTglB7y58cvtrCMRccwN9TGJ7ItPZ4YLoaGUAgomGu7\\r\\nGYTTceQgu4aJKppFEZTRoKE9BNSUsLTILODt4xfjj1SdQjVu+J2/+w7XFO0fzgtX\\r\\nhFTVvij2zCTjKTEhO5C4qYpPC3GNAoHBAP3fki6aGE5t14fDkcDuUNA/IHH42tBR\\r\\nTkg8TEx4KnqGZtbfyAUEYJxoA0gaXo9og+HQjW/cwz4MotlSaaR0onue+RcXA831\\r\\nIlUu+r7V1OyKHbQTL/wyybZqbDW5xAq/Dl3Ouk1nMBnJnYVnbVSvBRvmXMzs6Jmc\\r\\nmsz8uUgMVFUSK6sqt1kxBjFmyGj/zg9c+zNXHn2bxQh3wZ7ujslk3AJLy7fjwsAi\\r\\n/vqYyiTdykQnHGr5B5n6EVBJiebCErmEmwKBwQDPbMTKyyDO1tT33n7L8xLUpJOy\\r\\nSqgV86S27omjDVOAByTRktLdv2kbFsScRhsI5twDJz8r1wRVCTAwSALPsU6vVAJo\\r\\nNf8EeF+pZhx1dxbFllkfFyOEZpQ6GMolHd0PzybLfLbiW1T8VoI7RI60bdPwPfvV\\r\\n5rGOMK6oGbBRihqlHSiNQ25nqX7D0BlS91h4W7s/yiP9DSUgQACJbYAzAM2namZQ\\r\\nJfuJUd5B0Jh92Ksv3fOalp3UvfToLV0bIcQil18CgcEA+qCLlRwlYNAJlgsZSkk7\\r\\nWMrpQfr2MfACg0eb32ZGMV2cCwczVNikc+QvUTBPJ+57PCQCbWuZCBm7byZwCp3m\\r\\nhnpD2GqtI9ecBFJz0pARO0+C0XKbzbNp9X8MwuFYy28gRLXAsIdtMhgbPUcE5TQ/\\r\\nq/J4rQo4+uVi4XmhhKI/YxikKb/q7895GK4qrZXUHNCjYWThQgnUs25epINITUQX\\r\\n+uBPBoSAj+Q8qrLJ5Slb9HpUELs2qOj5zLQ8wqXXjHR/AoHAB07YvCBd/ouZI0aG\\r\\nhx8ASdemkICK3YMhCYTr+n+ssnUN+ghHP6LPzDGIKc1ahHzFwaKvWhcQQwK43Oqc\\r\\nlr6ze//kudE1M+4dyLUdSZIxjjKW3z6MdMy8ajOXY6lisXzl7ANv2hfHrcBKhFYN\\r\\nBRRdhDha2BVxqgXTEX8eNDE+cRTO6fM3P5W8Lp/1VHP8fPkWZs/zZqYA6dr3aeAe\\r\\nxS1BEaXxBt/ftd3Zi84SoVRx65TRUV//HZC3wTpf7mXJKELXAoHBANNl9pHxlTot\\r\\ngsw48drxUea0C30JonXB7ddFfowaSqmr6PGAOhvz4+SiojH0XDyNWaplfNSfJ7As\\r\\nJvyEgccSsoQwU7a9UI87hUDtO9vkIsllF5UlRAKrkcbn0U8XSFSQR+3N3fhLbNmO\\r\\nqQWbYGZvGudgyuVYQH4dTa77L2dRXHMZxShIVccf0vqWHZRFDlehr8ztKmd7DueY\\r\\nhTqS8M9LNhnKNkMD0j8IrB+Wu7TrXF1Zd3ERB/y2sC9wqotEws2GEg==\\r\\n-----END RSA PRIVATE KEY-----\\r\\n\",\"publicKey\":\"ssh-rsa AAAAB3NzaC1yc2EAAAADAQABAAABgQDNs6StogiCaEiU4LLoDg6we2O+5pkuPIJ9qZkHppitQyuOd+s16hSPMeciteF08g3JR35FF6Miz52mDw+TM5jVmN5DD7uiqF4DmPuXLPxVDzJKqh/EqPGQbGPE1iAG1NJUzY9vfgFtfUjiKj5RLFAzpKo1Dm4YylcTUBG5FbBrL3e0QxhbCfa+yVgmUEMuSDoTSyRSM1ilc4TeTDAnQcxYvPCsmNfB7NnvgrK33LpzUVnt8o+1Xf43E7WIgilT9VXTgQPNs3t1heb9gscOc33hvhxkG9XvvEXA652WOP0WNk2rVjuQiN3W9yEzklBLEQdXONThPghG9RygSkC9Lq3EwSat99Z8lU4MemGIOKyBilI1ecu/GF0Uvg/sd/BN7L7Buvz5FtoyPWWbARtQzsOUQJMoGgjgDaW0bsGmwZNLXwMO5iYtzp8du9kJo13IwIXOI92lMSPPqTda6hPRmGddEj3s4v1K7OdFPUOeB7sRSWkOKXBt1apTQ5sSNailooU= generated-by-azure\"}",
            "resource_id": "/subscriptions/f9de2fed-2da6-4678-b1cb-6cae47995374/resourceGroups/rg-certain-rhino/providers/Microsoft.Compute/sshPublicKeys/sshdecenthermit",
            "response_export_values": [
              "publicKey",
              "privateKey"
            ],
            "timeouts": null,
            "type": "Microsoft.Compute/sshPublicKeys@2022-11-01"
          },
          "sensitive_attributes": [],
          "private": "eyJlMmJmYjczMC1lY2FhLTExZTYtOGY4OC0zNDM2M2JjN2M0YzAiOnsiY3JlYXRlIjoxODAwMDAwMDAwMDAwLCJkZWxldGUiOjE4MDAwMDAwMDAwMDAsInJlYWQiOjMwMDAwMDAwMDAwMCwidXBkYXRlIjoxODAwMDAwMDAwMDAwfX0=",
          "dependencies": [
            "azapi_resource.ssh_public_key",
            "azurerm_resource_group.rg",
            "random_pet.rg_name",
            "random_pet.ssh_key_name"
          ]
        }
      ]
    },
    {
      "mode": "managed",
      "type": "azurerm_linux_virtual_machine",
      "name": "my_terraform_vm",
      "provider": "provider[\"registry.terraform.io/hashicorp/azurerm\"]",
      "instances": [
        {
          "schema_version": 0,
          "attributes": {
            "additional_capabilities": [],
            "admin_password": null,
            "admin_ssh_key": [
              {
                "public_key": "ssh-rsa AAAAB3NzaC1yc2EAAAADAQABAAABgQDNs6StogiCaEiU4LLoDg6we2O+5pkuPIJ9qZkHppitQyuOd+s16hSPMeciteF08g3JR35FF6Miz52mDw+TM5jVmN5DD7uiqF4DmPuXLPxVDzJKqh/EqPGQbGPE1iAG1NJUzY9vfgFtfUjiKj5RLFAzpKo1Dm4YylcTUBG5FbBrL3e0QxhbCfa+yVgmUEMuSDoTSyRSM1ilc4TeTDAnQcxYvPCsmNfB7NnvgrK33LpzUVnt8o+1Xf43E7WIgilT9VXTgQPNs3t1heb9gscOc33hvhxkG9XvvEXA652WOP0WNk2rVjuQiN3W9yEzklBLEQdXONThPghG9RygSkC9Lq3EwSat99Z8lU4MemGIOKyBilI1ecu/GF0Uvg/sd/BN7L7Buvz5FtoyPWWbARtQzsOUQJMoGgjgDaW0bsGmwZNLXwMO5iYtzp8du9kJo13IwIXOI92lMSPPqTda6hPRmGddEj3s4v1K7OdFPUOeB7sRSWkOKXBt1apTQ5sSNailooU= generated-by-azure",
                "username": "azureadmin"
              }
            ],
            "admin_username": "azureadmin",
            "allow_extension_operations": true,
            "availability_set_id": "",
            "boot_diagnostics": [
              {
                "storage_account_uri": "https://diagf8f23502598838cb.blob.core.windows.net/"
              }
            ],
            "computer_name": "hostname",
            "custom_data": null,
            "dedicated_host_group_id": "",
            "dedicated_host_id": "",
            "disable_password_authentication": true,
            "encryption_at_host_enabled": false,
            "eviction_policy": "",
            "extensions_time_budget": "PT1H30M",
            "id": "/subscriptions/f9de2fed-2da6-4678-b1cb-6cae47995374/resourceGroups/rg-certain-rhino/providers/Microsoft.Compute/virtualMachines/myVM",
            "identity": [],
            "license_type": "",
            "location": "eastus",
            "max_bid_price": -1,
            "name": "myVM",
            "network_interface_ids": [
              "/subscriptions/f9de2fed-2da6-4678-b1cb-6cae47995374/resourceGroups/rg-certain-rhino/providers/Microsoft.Network/networkInterfaces/myNIC"
            ],
            "os_disk": [
              {
                "caching": "ReadWrite",
                "diff_disk_settings": [],
                "disk_encryption_set_id": "",
                "disk_size_gb": 30,
                "name": "myOsDisk",
                "storage_account_type": "Premium_LRS",
                "write_accelerator_enabled": false
              }
            ],
            "patch_mode": "ImageDefault",
            "plan": [],
            "platform_fault_domain": -1,
            "priority": "Regular",
            "private_ip_address": "10.0.1.4",
            "private_ip_addresses": [
              "10.0.1.4"
            ],
            "provision_vm_agent": true,
            "proximity_placement_group_id": "",
            "public_ip_address": "13.92.39.66",
            "public_ip_addresses": [
              "13.92.39.66"
            ],
            "resource_group_name": "rg-certain-rhino",
            "secret": [],
            "secure_boot_enabled": false,
            "size": "Standard_DS1_v2",
            "source_image_id": "",
            "source_image_reference": [
              {
                "offer": "0001-com-ubuntu-server-jammy",
                "publisher": "Canonical",
                "sku": "22_04-lts-gen2",
                "version": "latest"
              }
            ],
            "tags": null,
            "timeouts": null,
            "user_data": "",
            "virtual_machine_id": "87316f59-8145-495f-8268-a7e8a5ae6f25",
            "virtual_machine_scale_set_id": "",
            "vtpm_enabled": false,
            "zone": ""
          },
          "sensitive_attributes": [],
          "private": "eyJlMmJmYjczMC1lY2FhLTExZTYtOGY4OC0zNDM2M2JjN2M0YzAiOnsiY3JlYXRlIjoyNzAwMDAwMDAwMDAwLCJkZWxldGUiOjI3MDAwMDAwMDAwMDAsInJlYWQiOjMwMDAwMDAwMDAwMCwidXBkYXRlIjoyNzAwMDAwMDAwMDAwfX0=",
          "dependencies": [
            "azapi_resource.ssh_public_key",
            "azapi_resource_action.ssh_public_key_gen",
            "azurerm_network_interface.my_terraform_nic",
            "azurerm_public_ip.my_terraform_public_ip",
            "azurerm_resource_group.rg",
            "azurerm_storage_account.my_storage_account",
            "azurerm_subnet.my_terraform_subnet",
            "azurerm_virtual_network.my_terraform_network",
            "random_id.random_id",
            "random_pet.rg_name",
            "random_pet.ssh_key_name"
          ]
        }
      ]
    },
    {
      "mode": "managed",
      "type": "azurerm_network_interface",
      "name": "my_terraform_nic",
      "provider": "provider[\"registry.terraform.io/hashicorp/azurerm\"]",
      "instances": [
        {
          "schema_version": 0,
          "attributes": {
            "applied_dns_servers": [],
            "dns_servers": [],
            "enable_accelerated_networking": false,
            "enable_ip_forwarding": false,
            "id": "/subscriptions/f9de2fed-2da6-4678-b1cb-6cae47995374/resourceGroups/rg-certain-rhino/providers/Microsoft.Network/networkInterfaces/myNIC",
            "internal_dns_name_label": "",
            "internal_domain_name_suffix": "elpodnijwlaerdqkwr1x22yt1b.bx.internal.cloudapp.net",
            "ip_configuration": [
              {
                "gateway_load_balancer_frontend_ip_configuration_id": "",
                "name": "my_nic_configuration",
                "primary": true,
                "private_ip_address": "10.0.1.4",
                "private_ip_address_allocation": "Dynamic",
                "private_ip_address_version": "IPv4",
                "public_ip_address_id": "/subscriptions/f9de2fed-2da6-4678-b1cb-6cae47995374/resourceGroups/rg-certain-rhino/providers/Microsoft.Network/publicIPAddresses/myPublicIP",
                "subnet_id": "/subscriptions/f9de2fed-2da6-4678-b1cb-6cae47995374/resourceGroups/rg-certain-rhino/providers/Microsoft.Network/virtualNetworks/myVnet/subnets/mySubnet"
              }
            ],
            "location": "eastus",
            "mac_address": "",
            "name": "myNIC",
            "private_ip_address": "10.0.1.4",
            "private_ip_addresses": [
              "10.0.1.4"
            ],
            "resource_group_name": "rg-certain-rhino",
            "tags": null,
            "timeouts": null,
            "virtual_machine_id": ""
          },
          "sensitive_attributes": [],
          "private": "eyJlMmJmYjczMC1lY2FhLTExZTYtOGY4OC0zNDM2M2JjN2M0YzAiOnsiY3JlYXRlIjoxODAwMDAwMDAwMDAwLCJkZWxldGUiOjE4MDAwMDAwMDAwMDAsInJlYWQiOjMwMDAwMDAwMDAwMCwidXBkYXRlIjoxODAwMDAwMDAwMDAwfX0=",
          "dependencies": [
            "azurerm_public_ip.my_terraform_public_ip",
            "azurerm_resource_group.rg",
            "azurerm_subnet.my_terraform_subnet",
            "azurerm_virtual_network.my_terraform_network",
            "random_pet.rg_name"
          ]
        }
      ]
    },
    {
      "mode": "managed",
      "type": "azurerm_network_interface_security_group_association",
      "name": "example",
      "provider": "provider[\"registry.terraform.io/hashicorp/azurerm\"]",
      "instances": [
        {
          "schema_version": 0,
          "attributes": {
            "id": "/subscriptions/f9de2fed-2da6-4678-b1cb-6cae47995374/resourceGroups/rg-certain-rhino/providers/Microsoft.Network/networkInterfaces/myNIC|/subscriptions/f9de2fed-2da6-4678-b1cb-6cae47995374/resourceGroups/rg-certain-rhino/providers/Microsoft.Network/networkSecurityGroups/myNetworkSecurityGroup",
            "network_interface_id": "/subscriptions/f9de2fed-2da6-4678-b1cb-6cae47995374/resourceGroups/rg-certain-rhino/providers/Microsoft.Network/networkInterfaces/myNIC",
            "network_security_group_id": "/subscriptions/f9de2fed-2da6-4678-b1cb-6cae47995374/resourceGroups/rg-certain-rhino/providers/Microsoft.Network/networkSecurityGroups/myNetworkSecurityGroup",
            "timeouts": null
          },
          "sensitive_attributes": [],
          "private": "eyJlMmJmYjczMC1lY2FhLTExZTYtOGY4OC0zNDM2M2JjN2M0YzAiOnsiY3JlYXRlIjoxODAwMDAwMDAwMDAwLCJkZWxldGUiOjE4MDAwMDAwMDAwMDAsInJlYWQiOjMwMDAwMDAwMDAwMCwidXBkYXRlIjoxODAwMDAwMDAwMDAwfX0=",
          "dependencies": [
            "azurerm_network_interface.my_terraform_nic",
            "azurerm_network_security_group.my_terraform_nsg",
            "azurerm_public_ip.my_terraform_public_ip",
            "azurerm_resource_group.rg",
            "azurerm_subnet.my_terraform_subnet",
            "azurerm_virtual_network.my_terraform_network",
            "random_pet.rg_name"
          ]
        }
      ]
    },
    {
      "mode": "managed",
      "type": "azurerm_network_security_group",
      "name": "my_terraform_nsg",
      "provider": "provider[\"registry.terraform.io/hashicorp/azurerm\"]",
      "instances": [
        {
          "schema_version": 0,
          "attributes": {
            "id": "/subscriptions/f9de2fed-2da6-4678-b1cb-6cae47995374/resourceGroups/rg-certain-rhino/providers/Microsoft.Network/networkSecurityGroups/myNetworkSecurityGroup",
            "location": "eastus",
            "name": "myNetworkSecurityGroup",
            "resource_group_name": "rg-certain-rhino",
            "security_rule": [
              {
                "access": "Allow",
                "description": "",
                "destination_address_prefix": "*",
                "destination_address_prefixes": [],
                "destination_application_security_group_ids": [],
                "destination_port_range": "22",
                "destination_port_ranges": [],
                "direction": "Inbound",
                "name": "SSH",
                "priority": 1001,
                "protocol": "Tcp",
                "source_address_prefix": "*",
                "source_address_prefixes": [],
                "source_application_security_group_ids": [],
                "source_port_range": "*",
                "source_port_ranges": []
              }
            ],
            "tags": null,
            "timeouts": null
          },
          "sensitive_attributes": [],
          "private": "eyJlMmJmYjczMC1lY2FhLTExZTYtOGY4OC0zNDM2M2JjN2M0YzAiOnsiY3JlYXRlIjoxODAwMDAwMDAwMDAwLCJkZWxldGUiOjE4MDAwMDAwMDAwMDAsInJlYWQiOjMwMDAwMDAwMDAwMCwidXBkYXRlIjoxODAwMDAwMDAwMDAwfX0=",
          "dependencies": [
            "azurerm_resource_group.rg",
            "random_pet.rg_name"
          ]
        }
      ]
    },
    {
      "mode": "managed",
      "type": "azurerm_public_ip",
      "name": "my_terraform_public_ip",
      "provider": "provider[\"registry.terraform.io/hashicorp/azurerm\"]",
      "instances": [
        {
          "schema_version": 0,
          "attributes": {
            "allocation_method": "Dynamic",
            "availability_zone": "No-Zone",
            "domain_name_label": null,
            "fqdn": null,
            "id": "/subscriptions/f9de2fed-2da6-4678-b1cb-6cae47995374/resourceGroups/rg-certain-rhino/providers/Microsoft.Network/publicIPAddresses/myPublicIP",
            "idle_timeout_in_minutes": 4,
            "ip_address": "",
            "ip_tags": null,
            "ip_version": "IPv4",
            "location": "eastus",
            "name": "myPublicIP",
            "public_ip_prefix_id": null,
            "resource_group_name": "rg-certain-rhino",
            "reverse_fqdn": null,
            "sku": "Basic",
            "sku_tier": "Regional",
            "tags": null,
            "timeouts": null,
            "zones": []
          },
          "sensitive_attributes": [],
          "private": "eyJlMmJmYjczMC1lY2FhLTExZTYtOGY4OC0zNDM2M2JjN2M0YzAiOnsiY3JlYXRlIjoxODAwMDAwMDAwMDAwLCJkZWxldGUiOjE4MDAwMDAwMDAwMDAsInJlYWQiOjMwMDAwMDAwMDAwMCwidXBkYXRlIjoxODAwMDAwMDAwMDAwfX0=",
          "dependencies": [
            "azurerm_resource_group.rg",
            "random_pet.rg_name"
          ]
        }
      ]
    },
    {
      "mode": "managed",
      "type": "azurerm_resource_group",
      "name": "rg",
      "provider": "provider[\"registry.terraform.io/hashicorp/azurerm\"]",
      "instances": [
        {
          "schema_version": 0,
          "attributes": {
            "id": "/subscriptions/f9de2fed-2da6-4678-b1cb-6cae47995374/resourceGroups/rg-certain-rhino",
            "location": "eastus",
            "name": "rg-certain-rhino",
            "tags": null,
            "timeouts": null
          },
          "sensitive_attributes": [],
          "private": "eyJlMmJmYjczMC1lY2FhLTExZTYtOGY4OC0zNDM2M2JjN2M0YzAiOnsiY3JlYXRlIjo1NDAwMDAwMDAwMDAwLCJkZWxldGUiOjU0MDAwMDAwMDAwMDAsInJlYWQiOjMwMDAwMDAwMDAwMCwidXBkYXRlIjo1NDAwMDAwMDAwMDAwfX0=",
          "dependencies": [
            "random_pet.rg_name"
          ]
        }
      ]
    },
    {
      "mode": "managed",
      "type": "azurerm_storage_account",
      "name": "my_storage_account",
      "provider": "provider[\"registry.terraform.io/hashicorp/azurerm\"]",
      "instances": [
        {
          "schema_version": 2,
          "attributes": {
            "access_tier": "Hot",
            "account_kind": "StorageV2",
            "account_replication_type": "LRS",
            "account_tier": "Standard",
            "allow_blob_public_access": false,
            "azure_files_authentication": [],
            "blob_properties": [
              {
                "change_feed_enabled": false,
                "container_delete_retention_policy": [],
                "cors_rule": [],
                "default_service_version": "",
                "delete_retention_policy": [],
                "last_access_time_enabled": false,
                "versioning_enabled": false
              }
            ],
            "custom_domain": [],
            "customer_managed_key": [],
            "enable_https_traffic_only": true,
            "id": "/subscriptions/f9de2fed-2da6-4678-b1cb-6cae47995374/resourceGroups/rg-certain-rhino/providers/Microsoft.Storage/storageAccounts/diagf8f23502598838cb",
            "identity": [],
            "infrastructure_encryption_enabled": false,
            "is_hns_enabled": false,
            "large_file_share_enabled": null,
            "location": "eastus",
            "min_tls_version": "TLS1_0",
            "name": "diagf8f23502598838cb",
            "network_rules": [
              {
                "bypass": [
                  "AzureServices"
                ],
                "default_action": "Allow",
                "ip_rules": [],
                "private_link_access": [],
                "virtual_network_subnet_ids": []
              }
            ],
            "nfsv3_enabled": false,
            "primary_access_key": "gqDyN+YoAWS4MnpQAlxLNmwT0mYjCr4EvfddNBAdXjuyTlqV1dqER8Gq3+NbQgAyBDOPhnAytQep+AStxAbCPw==",
            "primary_blob_connection_string": "DefaultEndpointsProtocol=https;BlobEndpoint=https://diagf8f23502598838cb.blob.core.windows.net/;AccountName=diagf8f23502598838cb;AccountKey=gqDyN+YoAWS4MnpQAlxLNmwT0mYjCr4EvfddNBAdXjuyTlqV1dqER8Gq3+NbQgAyBDOPhnAytQep+AStxAbCPw==",
            "primary_blob_endpoint": "https://diagf8f23502598838cb.blob.core.windows.net/",
            "primary_blob_host": "diagf8f23502598838cb.blob.core.windows.net",
            "primary_connection_string": "DefaultEndpointsProtocol=https;AccountName=diagf8f23502598838cb;AccountKey=gqDyN+YoAWS4MnpQAlxLNmwT0mYjCr4EvfddNBAdXjuyTlqV1dqER8Gq3+NbQgAyBDOPhnAytQep+AStxAbCPw==;EndpointSuffix=core.windows.net",
            "primary_dfs_endpoint": "https://diagf8f23502598838cb.dfs.core.windows.net/",
            "primary_dfs_host": "diagf8f23502598838cb.dfs.core.windows.net",
            "primary_file_endpoint": "https://diagf8f23502598838cb.file.core.windows.net/",
            "primary_file_host": "diagf8f23502598838cb.file.core.windows.net",
            "primary_location": "eastus",
            "primary_queue_endpoint": "https://diagf8f23502598838cb.queue.core.windows.net/",
            "primary_queue_host": "diagf8f23502598838cb.queue.core.windows.net",
            "primary_table_endpoint": "https://diagf8f23502598838cb.table.core.windows.net/",
            "primary_table_host": "diagf8f23502598838cb.table.core.windows.net",
            "primary_web_endpoint": "https://diagf8f23502598838cb.z13.web.core.windows.net/",
            "primary_web_host": "diagf8f23502598838cb.z13.web.core.windows.net",
            "queue_encryption_key_type": "Service",
            "queue_properties": [
              {
                "cors_rule": [],
                "hour_metrics": [
                  {
                    "enabled": true,
                    "include_apis": true,
                    "retention_policy_days": 7,
                    "version": "1.0"
                  }
                ],
                "logging": [
                  {
                    "delete": false,
                    "read": false,
                    "retention_policy_days": 0,
                    "version": "1.0",
                    "write": false
                  }
                ],
                "minute_metrics": [
                  {
                    "enabled": false,
                    "include_apis": false,
                    "retention_policy_days": 0,
                    "version": "1.0"
                  }
                ]
              }
            ],
            "resource_group_name": "rg-certain-rhino",
            "routing": [],
            "secondary_access_key": "yPsYBYay16ukmjCefhEb6noS0Uv7ngiAGuqnmWky5BqXzeY59S8elijou1Wq/F7SRvEl6ZlsYmbz+ASteEBtDg==",
            "secondary_blob_connection_string": "",
            "secondary_blob_endpoint": null,
            "secondary_blob_host": null,
            "secondary_connection_string": "DefaultEndpointsProtocol=https;AccountName=diagf8f23502598838cb;AccountKey=yPsYBYay16ukmjCefhEb6noS0Uv7ngiAGuqnmWky5BqXzeY59S8elijou1Wq/F7SRvEl6ZlsYmbz+ASteEBtDg==;EndpointSuffix=core.windows.net",
            "secondary_dfs_endpoint": null,
            "secondary_dfs_host": null,
            "secondary_file_endpoint": null,
            "secondary_file_host": null,
            "secondary_location": "",
            "secondary_queue_endpoint": null,
            "secondary_queue_host": null,
            "secondary_table_endpoint": null,
            "secondary_table_host": null,
            "secondary_web_endpoint": null,
            "secondary_web_host": null,
            "share_properties": [
              {
                "cors_rule": [],
                "retention_policy": [
                  {
                    "days": 7
                  }
                ],
                "smb": []
              }
            ],
            "shared_access_key_enabled": true,
            "static_website": [],
            "table_encryption_key_type": "Service",
            "tags": null,
            "timeouts": null
          },
          "sensitive_attributes": [],
          "private": "eyJlMmJmYjczMC1lY2FhLTExZTYtOGY4OC0zNDM2M2JjN2M0YzAiOnsiY3JlYXRlIjozNjAwMDAwMDAwMDAwLCJkZWxldGUiOjM2MDAwMDAwMDAwMDAsInJlYWQiOjMwMDAwMDAwMDAwMCwidXBkYXRlIjozNjAwMDAwMDAwMDAwfSwic2NoZW1hX3ZlcnNpb24iOiIyIn0=",
          "dependencies": [
            "azurerm_resource_group.rg",
            "random_id.random_id",
            "random_pet.rg_name"
          ]
        }
      ]
    },
    {
      "mode": "managed",
      "type": "azurerm_subnet",
      "name": "my_terraform_subnet",
      "provider": "provider[\"registry.terraform.io/hashicorp/azurerm\"]",
      "instances": [
        {
          "schema_version": 0,
          "attributes": {
            "address_prefix": "10.0.1.0/24",
            "address_prefixes": [
              "10.0.1.0/24"
            ],
            "delegation": [],
            "enforce_private_link_endpoint_network_policies": false,
            "enforce_private_link_service_network_policies": false,
            "id": "/subscriptions/f9de2fed-2da6-4678-b1cb-6cae47995374/resourceGroups/rg-certain-rhino/providers/Microsoft.Network/virtualNetworks/myVnet/subnets/mySubnet",
            "name": "mySubnet",
            "resource_group_name": "rg-certain-rhino",
            "service_endpoint_policy_ids": null,
            "service_endpoints": null,
            "timeouts": null,
            "virtual_network_name": "myVnet"
          },
          "sensitive_attributes": [],
          "private": "eyJlMmJmYjczMC1lY2FhLTExZTYtOGY4OC0zNDM2M2JjN2M0YzAiOnsiY3JlYXRlIjoxODAwMDAwMDAwMDAwLCJkZWxldGUiOjE4MDAwMDAwMDAwMDAsInJlYWQiOjMwMDAwMDAwMDAwMCwidXBkYXRlIjoxODAwMDAwMDAwMDAwfX0=",
          "dependencies": [
            "azurerm_resource_group.rg",
            "azurerm_virtual_network.my_terraform_network",
            "random_pet.rg_name"
          ]
        }
      ]
    },
    {
      "mode": "managed",
      "type": "azurerm_virtual_network",
      "name": "my_terraform_network",
      "provider": "provider[\"registry.terraform.io/hashicorp/azurerm\"]",
      "instances": [
        {
          "schema_version": 0,
          "attributes": {
            "address_space": [
              "10.0.0.0/16"
            ],
            "bgp_community": "",
            "ddos_protection_plan": [],
            "dns_servers": [],
            "flow_timeout_in_minutes": 0,
            "guid": "b5e1de22-b209-48c0-8e0a-b4777e7313d9",
            "id": "/subscriptions/f9de2fed-2da6-4678-b1cb-6cae47995374/resourceGroups/rg-certain-rhino/providers/Microsoft.Network/virtualNetworks/myVnet",
            "location": "eastus",
            "name": "myVnet",
            "resource_group_name": "rg-certain-rhino",
            "subnet": [],
            "tags": null,
            "timeouts": null,
            "vm_protection_enabled": false
          },
          "sensitive_attributes": [],
          "private": "eyJlMmJmYjczMC1lY2FhLTExZTYtOGY4OC0zNDM2M2JjN2M0YzAiOnsiY3JlYXRlIjoxODAwMDAwMDAwMDAwLCJkZWxldGUiOjE4MDAwMDAwMDAwMDAsInJlYWQiOjMwMDAwMDAwMDAwMCwidXBkYXRlIjoxODAwMDAwMDAwMDAwfX0=",
          "dependencies": [
            "azurerm_resource_group.rg",
            "random_pet.rg_name"
          ]
        }
      ]
    },
    {
      "mode": "managed",
      "type": "random_id",
      "name": "random_id",
      "provider": "provider[\"registry.terraform.io/hashicorp/random\"]",
      "instances": [
        {
          "schema_version": 0,
          "attributes": {
            "b64_std": "+PI1AlmIOMs=",
            "b64_url": "-PI1AlmIOMs",
            "byte_length": 8,
            "dec": "17938458549978413259",
            "hex": "f8f23502598838cb",
            "id": "-PI1AlmIOMs",
            "keepers": {
              "resource_group": "rg-certain-rhino"
            },
            "prefix": null
          },
          "sensitive_attributes": [],
          "dependencies": [
            "azurerm_resource_group.rg",
            "random_pet.rg_name"
          ]
        }
      ]
    },
    {
      "mode": "managed",
      "type": "random_pet",
      "name": "rg_name",
      "provider": "provider[\"registry.terraform.io/hashicorp/random\"]",
      "instances": [
        {
          "schema_version": 0,
          "attributes": {
            "id": "rg-certain-rhino",
            "keepers": null,
            "length": 2,
            "prefix": "rg",
            "separator": "-"
          },
          "sensitive_attributes": []
        }
      ]
    },
    {
      "mode": "managed",
      "type": "random_pet",
      "name": "ssh_key_name",
      "provider": "provider[\"registry.terraform.io/hashicorp/random\"]",
      "instances": [
        {
          "schema_version": 0,
          "attributes": {
            "id": "sshdecenthermit",
            "keepers": null,
            "length": 2,
            "prefix": "ssh",
            "separator": ""
          },
          "sensitive_attributes": []
        }
      ]
    }
  ],
  "check_results": null
}
